{
    "name": "@github/copilot-language-server",
    "version": "1.439.0",
    "lockfileVersion": 3,
    "requires": true,
    "packages": {
        "": {
            "name": "@github/copilot-language-server",
            "version": "1.439.0",
            "license": "MIT",
            "dependencies": {
                "vscode-languageserver-protocol": "^3.17.5"
            },
            "bin": {
                "copilot-language-server": "dist/language-server.js"
            },
            "optionalDependencies": {
                "@github/copilot-language-server-darwin-arm64": "1.439.0",
                "@github/copilot-language-server-darwin-x64": "1.439.0",
                "@github/copilot-language-server-linux-arm64": "1.439.0",
                "@github/copilot-language-server-linux-x64": "1.439.0",
                "@github/copilot-language-server-win32-arm64": "1.439.0",
                "@github/copilot-language-server-win32-x64": "1.439.0"
            }
        },
        "node_modules/@github/copilot-language-server-darwin-arm64": {
            "version": "1.439.0",
            "resolved": "https://registry.npmjs.org/@github/copilot-language-server-darwin-arm64/-/copilot-language-server-darwin-arm64-1.439.0.tgz",
            "integrity": "sha512-OkFzLtoq3SZ0VC34WSqdjOZN1KSzTRm4x2lJ1TK9OT8FyDf5fsDAQlkL1EFNlPF6IJpIs+/OodXMchFe8WLy9g==",
            "cpu": [
                "arm64"
            ],
            "license": "MIT",
            "optional": true,
            "os": [
                "darwin"
            ]
        },
        "node_modules/@github/copilot-language-server-darwin-x64": {
            "version": "1.439.0",
            "resolved": "https://registry.npmjs.org/@github/copilot-language-server-darwin-x64/-/copilot-language-server-darwin-x64-1.439.0.tgz",
            "integrity": "sha512-NX25qb/Ah69noVBh6k8eUMOjQVaj8wv7F1+OLGhBZWqQvyl/3oseTzNVSukPvOZtWT5vKR2pMEcx5onl+V4h1w==",
            "cpu": [
                "x64"
            ],
            "license": "MIT",
            "optional": true,
            "os": [
                "darwin"
            ]
        },
        "node_modules/@github/copilot-language-server-linux-arm64": {
            "version": "1.439.0",
            "resolved": "https://registry.npmjs.org/@github/copilot-language-server-linux-arm64/-/copilot-language-server-linux-arm64-1.439.0.tgz",
            "integrity": "sha512-r6Hf33brbM5xbRucsLvxLGD3QH848yO269yOaVN5FzMypLVyfi5Ehgm+JXTC9CrR3RwkCEtQjv39TKC2Ak7g0A==",
            "cpu": [
                "arm64"
            ],
            "license": "MIT",
            "optional": true,
            "os": [
                "linux"
            ]
        },
        "node_modules/@github/copilot-language-server-linux-x64": {
            "version": "1.439.0",
            "resolved": "https://registry.npmjs.org/@github/copilot-language-server-linux-x64/-/copilot-language-server-linux-x64-1.439.0.tgz",
            "integrity": "sha512-4Nsulyxpr0R+UmyG/V0fPFE1CSgLKfff0LPqp+jIL9GVItJLS2BXLPviglam6QX/K7TMe5xZ2p1xjCrRHJqUnA==",
            "cpu": [
                "x64"
            ],
            "license": "MIT",
            "optional": true,
            "os": [
                "linux"
            ]
        },
        "node_modules/@github/copilot-language-server-win32-arm64": {
            "version": "1.439.0",
            "resolved": "https://registry.npmjs.org/@github/copilot-language-server-win32-arm64/-/copilot-language-server-win32-arm64-1.439.0.tgz",
            "integrity": "sha512-kJ2VDQIJ3ul/0Wx17fIbnrgFXVh4N7ArmjeJ8sW3qv1H6lpIKGejryDWaRBrUnR9WyZfqbfQhOVmTNO4vC2bWA==",
            "cpu": [
                "arm64"
            ],
            "license": "MIT",
            "optional": true,
            "os": [
                "win32"
            ]
        },
        "node_modules/@github/copilot-language-server-win32-x64": {
            "version": "1.439.0",
            "resolved": "https://registry.npmjs.org/@github/copilot-language-server-win32-x64/-/copilot-language-server-win32-x64-1.439.0.tgz",
            "integrity": "sha512-wRStUgcTRKRthO8rJOBTCYEUJZ0jsi7uDnbzSvDlA2nvS05W0qypUwA01KA/27hNa3FQEOUc3PeespyVpBLe7A==",
            "cpu": [
                "x64"
            ],
            "license": "MIT",
            "optional": true,
            "os": [
                "win32"
            ]
        },
        "node_modules/vscode-jsonrpc": {
            "version": "8.2.0",
            "resolved": "https://registry.npmjs.org/vscode-jsonrpc/-/vscode-jsonrpc-8.2.0.tgz",
            "integrity": "sha512-C+r0eKJUIfiDIfwJhria30+TYWPtuHJXHtI7J0YlOmKAo7ogxP20T0zxB7HZQIFhIyvoBPwWskjxrvAtfjyZfA==",
            "license": "MIT",
            "engines": {
                "node": ">=14.0.0"
            }
        },
        "node_modules/vscode-languageserver-protocol": {
            "version": "3.17.5",
            "resolved": "https://registry.npmjs.org/vscode-languageserver-protocol/-/vscode-languageserver-protocol-3.17.5.tgz",
            "integrity": "sha512-mb1bvRJN8SVznADSGWM9u/b07H7Ecg0I3OgXDuLdn307rl/J3A9YD6/eYOssqhecL27hK1IPZAsaqh00i/Jljg==",
            "license": "MIT",
            "dependencies": {
                "vscode-jsonrpc": "8.2.0",
                "vscode-languageserver-types": "3.17.5"
            }
        },
        "node_modules/vscode-languageserver-types": {
            "version": "3.17.5",
            "resolved": "https://registry.npmjs.org/vscode-languageserver-types/-/vscode-languageserver-types-3.17.5.tgz",
            "integrity": "sha512-Ld1VelNuX9pdF39h2Hgaeb5hEZM2Z3jUrrMgWQAu82jMtZp7p3vJT3BzToKtZI7NgQssZje5o0zryOrhQvzQAg==",
            "license": "MIT"
        }
    }
}
