{
    "name": "@github/copilot-language-server",
    "version": "1.544.0",
    "lockfileVersion": 3,
    "requires": true,
    "packages": {
        "": {
            "name": "@github/copilot-language-server",
            "version": "1.544.0",
            "license": "MIT",
            "dependencies": {
                "vscode-languageserver-protocol": "^3.17.5"
            },
            "bin": {
                "copilot-language-server": "dist/language-server.js"
            },
            "optionalDependencies": {
                "@github/copilot-darwin-arm64": "1.0.83",
                "@github/copilot-darwin-x64": "1.0.83",
                "@github/copilot-language-server-darwin-arm64": "1.544.0",
                "@github/copilot-language-server-darwin-x64": "1.544.0",
                "@github/copilot-language-server-linux-arm64": "1.544.0",
                "@github/copilot-language-server-linux-x64": "1.544.0",
                "@github/copilot-language-server-win32-arm64": "1.544.0",
                "@github/copilot-language-server-win32-x64": "1.544.0",
                "@github/copilot-linux-arm64": "1.0.83",
                "@github/copilot-linux-x64": "1.0.83",
                "@github/copilot-win32-arm64": "1.0.83",
                "@github/copilot-win32-x64": "1.0.83"
            }
        },
        "node_modules/@github/copilot-darwin-arm64": {
            "version": "1.0.83",
            "resolved": "https://registry.npmjs.org/@github/copilot-darwin-arm64/-/copilot-darwin-arm64-1.0.83.tgz",
            "integrity": "sha512-gv+SZRhxlQCmKOlzCCP6B2SOAaAPPc+VYGd6iC9va06wXNlmigYSCBhQeOSQoSeZ0mK2KR7RTM+AbiXLytBUfA==",
            "cpu": [
                "arm64"
            ],
            "license": "SEE LICENSE IN LICENSE.md",
            "optional": true,
            "os": [
                "darwin"
            ],
            "bin": {
                "copilot-darwin-arm64": "copilot"
            }
        },
        "node_modules/@github/copilot-darwin-x64": {
            "version": "1.0.83",
            "resolved": "https://registry.npmjs.org/@github/copilot-darwin-x64/-/copilot-darwin-x64-1.0.83.tgz",
            "integrity": "sha512-f3oQxclEd/HUunTIMTriRIm883ONYPVOETGlEYF6fYWVkllPINMXnlKpM/b6h7fJEjZy8JFDhqqoZ60ezRNuUQ==",
            "cpu": [
                "x64"
            ],
            "license": "SEE LICENSE IN LICENSE.md",
            "optional": true,
            "os": [
                "darwin"
            ],
            "bin": {
                "copilot-darwin-x64": "copilot"
            }
        },
        "node_modules/@github/copilot-language-server-darwin-arm64": {
            "version": "1.544.0",
            "resolved": "https://registry.npmjs.org/@github/copilot-language-server-darwin-arm64/-/copilot-language-server-darwin-arm64-1.544.0.tgz",
            "integrity": "sha512-yRErhGTarCTwlp2Ucko3U2D+VxuLn38Na4+r2uor9hR+K2eobD5BgkbYAfcNOf2iu/kUybdh2Q1V24P2K6urzA==",
            "cpu": [
                "arm64"
            ],
            "license": "MIT",
            "optional": true,
            "os": [
                "darwin"
            ]
        },
        "node_modules/@github/copilot-language-server-darwin-x64": {
            "version": "1.544.0",
            "resolved": "https://registry.npmjs.org/@github/copilot-language-server-darwin-x64/-/copilot-language-server-darwin-x64-1.544.0.tgz",
            "integrity": "sha512-GD9kR1pjUipsllP6MGoBT3xQj8ty38UMXheVn84/6vFfcTgNfGdx9VwOku0lzArIlh9uorWH+p2OHNysPzG54Q==",
            "cpu": [
                "x64"
            ],
            "license": "MIT",
            "optional": true,
            "os": [
                "darwin"
            ]
        },
        "node_modules/@github/copilot-language-server-linux-arm64": {
            "version": "1.544.0",
            "resolved": "https://registry.npmjs.org/@github/copilot-language-server-linux-arm64/-/copilot-language-server-linux-arm64-1.544.0.tgz",
            "integrity": "sha512-6JIfPXXmAQR63I+pqCNSdZ8eCWfHmasiKn5p8kjE/JTi7AHuO5VMJp78r/V2ZBFXp59xRSRPi1mcx0VOCPrUDw==",
            "cpu": [
                "arm64"
            ],
            "license": "MIT",
            "optional": true,
            "os": [
                "linux"
            ]
        },
        "node_modules/@github/copilot-language-server-linux-x64": {
            "version": "1.544.0",
            "resolved": "https://registry.npmjs.org/@github/copilot-language-server-linux-x64/-/copilot-language-server-linux-x64-1.544.0.tgz",
            "integrity": "sha512-EU9jdFkxpj/6t0XeYc14/SYDaU5l+fxR/d2bow4K5U0sNaMmYtc1eof0Fn9dVBMxe+sEX/SZC+B6s3se4/aIoQ==",
            "cpu": [
                "x64"
            ],
            "license": "MIT",
            "optional": true,
            "os": [
                "linux"
            ]
        },
        "node_modules/@github/copilot-language-server-win32-arm64": {
            "version": "1.544.0",
            "resolved": "https://registry.npmjs.org/@github/copilot-language-server-win32-arm64/-/copilot-language-server-win32-arm64-1.544.0.tgz",
            "integrity": "sha512-dKQINtDRRPOnAuzR1b+L/nvivwWNzkO+Uv9HEQRHi7swQvKh0VI5yDb+77pwQAVi6j9E1qIOwKd6ONTN2KErvw==",
            "cpu": [
                "arm64"
            ],
            "license": "MIT",
            "optional": true,
            "os": [
                "win32"
            ]
        },
        "node_modules/@github/copilot-language-server-win32-x64": {
            "version": "1.544.0",
            "resolved": "https://registry.npmjs.org/@github/copilot-language-server-win32-x64/-/copilot-language-server-win32-x64-1.544.0.tgz",
            "integrity": "sha512-SGUebcusvHF5CduL2lyDKo19dnmiz3iwF1SW6lmUXY99rxco9lb/8gVt+2dZ7rAf96di+prDGvKeFnW2NNLtlw==",
            "cpu": [
                "x64"
            ],
            "license": "MIT",
            "optional": true,
            "os": [
                "win32"
            ]
        },
        "node_modules/@github/copilot-linux-arm64": {
            "version": "1.0.83",
            "resolved": "https://registry.npmjs.org/@github/copilot-linux-arm64/-/copilot-linux-arm64-1.0.83.tgz",
            "integrity": "sha512-pgVS60eX1mVJ8MFo9SDsalM2X5Eaywq6/rWJg6roHEY4GHNuIx3rHFIdnoQfbcIHcuGYpHuQ/wBbWiSgMKdNEQ==",
            "cpu": [
                "arm64"
            ],
            "libc": [
                "glibc"
            ],
            "license": "SEE LICENSE IN LICENSE.md",
            "optional": true,
            "os": [
                "linux"
            ],
            "bin": {
                "copilot-linux-arm64": "copilot"
            }
        },
        "node_modules/@github/copilot-linux-x64": {
            "version": "1.0.83",
            "resolved": "https://registry.npmjs.org/@github/copilot-linux-x64/-/copilot-linux-x64-1.0.83.tgz",
            "integrity": "sha512-G4pe5/4axjULMFpJBU7ran69++7RIn5wlFn8XMhXaFECB18cPVOfU7B9xgoCFbHGFAT4kATl45Fa9dtshKUNmg==",
            "cpu": [
                "x64"
            ],
            "libc": [
                "glibc"
            ],
            "license": "SEE LICENSE IN LICENSE.md",
            "optional": true,
            "os": [
                "linux"
            ],
            "bin": {
                "copilot-linux-x64": "copilot"
            }
        },
        "node_modules/@github/copilot-win32-arm64": {
            "version": "1.0.83",
            "resolved": "https://registry.npmjs.org/@github/copilot-win32-arm64/-/copilot-win32-arm64-1.0.83.tgz",
            "integrity": "sha512-uzgmjDwjf3iVfzwrHJF8BOb39hewXpC60v/pm/Mvbd2LPqm38bq3Ky10fC50M+jpOu6t/YGW8qYtioEQQusHVQ==",
            "cpu": [
                "arm64"
            ],
            "license": "SEE LICENSE IN LICENSE.md",
            "optional": true,
            "os": [
                "win32"
            ],
            "bin": {
                "copilot-win32-arm64": "copilot.exe"
            }
        },
        "node_modules/@github/copilot-win32-x64": {
            "version": "1.0.83",
            "resolved": "https://registry.npmjs.org/@github/copilot-win32-x64/-/copilot-win32-x64-1.0.83.tgz",
            "integrity": "sha512-pau+THyevc9oTmtQNyWF2RSIM4aMo9DNO1gE8Fkg9OqCExmuoKTtYOnfxJHcCB2X1HHsGOrChq0+eRgiDAumoA==",
            "cpu": [
                "x64"
            ],
            "license": "SEE LICENSE IN LICENSE.md",
            "optional": true,
            "os": [
                "win32"
            ],
            "bin": {
                "copilot-win32-x64": "copilot.exe"
            }
        },
        "node_modules/vscode-jsonrpc": {
            "version": "9.0.2",
            "resolved": "https://registry.npmjs.org/vscode-jsonrpc/-/vscode-jsonrpc-9.0.2.tgz",
            "integrity": "sha512-SbQSV9yRemARxeXw6LU5sS6Zq0e9/DgCCX5yelH263ZQWukbTk8EF8fjTrr1dziasf4GwlJbvTwFnTrnQFWZXQ==",
            "license": "MIT",
            "engines": {
                "node": ">=14.0.0"
            }
        },
        "node_modules/vscode-languageserver-protocol": {
            "version": "3.18.3",
            "resolved": "https://registry.npmjs.org/vscode-languageserver-protocol/-/vscode-languageserver-protocol-3.18.3.tgz",
            "integrity": "sha512-DF49+WeV5py4zO5hhobp60jjsDSK0lAqA0OuKBLBvp423HPWQcCbhZz3JgyfIewsEz2f8U+X75xNIFHdiXZm2w==",
            "license": "MIT",
            "dependencies": {
                "vscode-jsonrpc": "9.0.2",
                "vscode-languageserver-types": "3.18.3"
            }
        },
        "node_modules/vscode-languageserver-types": {
            "version": "3.18.3",
            "resolved": "https://registry.npmjs.org/vscode-languageserver-types/-/vscode-languageserver-types-3.18.3.tgz",
            "integrity": "sha512-XIlzJ7Qp/jzSI1ds7/FwPAWrPeTZA7pAtlW4hdJ1J6xXWJL6dR9QYnDhJOdLzdKhUQ5Mm6mvUMw+3DcOQQasPw==",
            "license": "MIT"
        }
    }
}
